
Microsoft Visual Studio Solution File, Format Version 12.00
# Visual Studio Version 17
VisualStudioVersion = 17.14.36212.18
MinimumVisualStudioVersion = 10.0.40219.1
Project("{8BC9CEB8-8B4A-11D0-8D11-00A0C91BC942}") = "Problem#01", "Problem#01\Problem#01.vcxproj", "{4F4A1A53-6127-4A65-BD87-700F62C20FF0}"
EndProject
Project("{8BC9CEB8-8B4A-11D0-8D11-00A0C91BC942}") = "Problem#02", "Problem#02\Problem#02.vcxproj", "{6B519A3C-9CA7-4C04-BB14-239840CF320B}"
EndProject
Project("{8BC9CEB8-8B4A-11D0-8D11-00A0C91BC942}") = "Problem#03", "Problem#03\Problem#03.vcxproj", "{D2128490-38C8-40B6-B245-6AD868D84FCE}"
EndProject
Project("{8BC9CEB8-8B4A-11D0-8D11-00A0C91BC942}") = "Problem#04", "Problem#04\Problem#04.vcxproj", "{89F07E97-8682-40D7-BF5A-DF14968731F3}"
EndProject
Project("{8BC9CEB8-8B4A-11D0-8D11-00A0C91BC942}") = "Problem#05", "Problem#05\Problem#05.vcxproj", "{E902028B-165E-4116-8308-2F4FA77571B4}"
EndProject
Project("{8BC9CEB8-8B4A-11D0-8D11-00A0C91BC942}") = "Problem#06", "Problem#06\Problem#06.vcxproj", "{EF783099-97C4-4D54-88DA-54EB76295B02}"
EndProject
Project("{8BC9CEB8-8B4A-11D0-8D11-00A0C91BC942}") = "Problem#07", "Problem#07\Problem#07.vcxproj", "{B86553BB-E027-48A9-B5ED-2701D4AA8F80}"
EndProject
Project("{8BC9CEB8-8B4A-11D0-8D11-00A0C91BC942}") = "Problem#08", "Problem#08\Problem#08.vcxproj", "{E7032926-3155-4D9B-981D-9AC8CD43821F}"
EndProject
Project("{8BC9CEB8-8B4A-11D0-8D11-00A0C91BC942}") = "Problem#09", "Problem#09\Problem#09.vcxproj", "{875356BF-2BF1-427E-8E06-1B84A7352ED4}"
EndProject
Project("{8BC9CEB8-8B4A-11D0-8D11-00A0C91BC942}") = "Problem#10", "Problem#10\Problem#10.vcxproj", "{64A280D2-49FB-4102-9E76-B4BA5E24C196}"
EndProject
Project("{8BC9CEB8-8B4A-11D0-8D11-00A0C91BC942}") = "Problem#11", "Problem#11\Problem#11.vcxproj", "{17917BBB-D76A-4E11-A072-5C67AF1F0205}"
EndProject
Project("{8BC9CEB8-8B4A-11D0-8D11-00A0C91BC942}") = "Problem#12", "Problem#12\Problem#12.vcxproj", "{C651929A-6478-4D5D-A348-EC6B606FDDDC}"
EndProject
Project("{8BC9CEB8-8B4A-11D0-8D11-00A0C91BC942}") = "Problem#13", "Problem#13\Problem#13.vcxproj", "{2C5E8D65-84FA-4C52-A438-605EAA0B56D7}"
EndProject
Project("{8BC9CEB8-8B4A-11D0-8D11-00A0C91BC942}") = "Problem#14", "Problem#14\Problem#14.vcxproj", "{9C94BA58-CFD0-4395-99F0-DECB29E6EACF}"
EndProject
Project("{8BC9CEB8-8B4A-11D0-8D11-00A0C91BC942}") = "Problem#16", "Problem#16\Problem#16.vcxproj", "{656B4E63-111D-4A1F-AA26-36A99FE7F083}"
EndProject
Project("{8BC9CEB8-8B4A-11D0-8D11-00A0C91BC942}") = "Problem#15", "Problem#15\Problem#15.vcxproj", "{E11076F7-C03C-4A4C-A67F-DB9DF840C007}"
EndProject
Project("{8BC9CEB8-8B4A-11D0-8D11-00A0C91BC942}") = "Problem#17", "Problem#17\Problem#17.vcxproj", "{8105506C-6507-4752-B2E5-5404C648ECAE}"
EndProject
Project("{8BC9CEB8-8B4A-11D0-8D11-00A0C91BC942}") = "Problem#18", "Problem#18\Problem#18.vcxproj", "{F71B4DD6-4DF4-4FDB-956B-35E67FACDC27}"
EndProject
Project("{8BC9CEB8-8B4A-11D0-8D11-00A0C91BC942}") = "Problem#19", "Problem#19\Problem#19.vcxproj", "{2F287AC8-68EB-4E4A-A602-4BF6E64D9116}"
EndProject
Project("{8BC9CEB8-8B4A-11D0-8D11-00A0C91BC942}") = "Problem#20to#32", "Problem#20\Problem#20.vcxproj", "{DC2BD34E-8620-4358-B64E-0CD2CB3DBB87}"
EndProject
Project("{8BC9CEB8-8B4A-11D0-8D11-00A0C91BC942}") = "Problem#33to#46", "Problem#21\Problem#21.vcxproj", "{4BAE5225-18ED-4E42-AE3D-1BDD37F81975}"
EndProject
Project("{8BC9CEB8-8B4A-11D0-8D11-00A0C91BC942}") = "Problem#47to#53", "Problem#34\Problem#34.vcxproj", "{FD991C3D-5613-45FD-89AE-33A6B1E651F7}"
EndProject
Project("{8BC9CEB8-8B4A-11D0-8D11-00A0C91BC942}") = "Problem#54", "Problem#54\Problem#54.vcxproj", "{98F588D9-DA8B-4651-827E-C4634C5AB16E}"
EndProject
Project("{8BC9CEB8-8B4A-11D0-8D11-00A0C91BC942}") = "Problem#55", "Problem#55\Problem#55.vcxproj", "{E2841588-E264-48AF-86A9-10F3AAF604C2}"
EndProject
Project("{8BC9CEB8-8B4A-11D0-8D11-00A0C91BC942}") = "Problem#56", "Problem#56\Problem#56.vcxproj", "{766528AD-A0A7-4081-B334-C8E5C9E7D69F}"
EndProject
Project("{8BC9CEB8-8B4A-11D0-8D11-00A0C91BC942}") = "Problem#57", "Problem#57\Problem#57.vcxproj", "{C4BB0A46-CE35-4BD8-B061-8EFA5725CB99}"
EndProject
Project("{8BC9CEB8-8B4A-11D0-8D11-00A0C91BC942}") = "Problem#58", "Problem#58\Problem#58.vcxproj", "{839193F1-368A-483D-B87A-BAA533FFA01A}"
EndProject
Project("{8BC9CEB8-8B4A-11D0-8D11-00A0C91BC942}") = "Problem#59", "Problem#59\Problem#59.vcxproj", "{BA57D7DE-5021-4BAF-96C3-588CAB219631}"
EndProject
Project("{8BC9CEB8-8B4A-11D0-8D11-00A0C91BC942}") = "Problem#60", "Problem#60\Problem#60.vcxproj", "{40689BA3-DBDB-4697-BE5C-2AFA65CDFC74}"
EndProject
Project("{8BC9CEB8-8B4A-11D0-8D11-00A0C91BC942}") = "Problem#61", "Problem#61\Problem#61.vcxproj", "{41F6BAE1-4F5A-4F70-B1CC-0DC9E4B1F312}"
EndProject
Project("{8BC9CEB8-8B4A-11D0-8D11-00A0C91BC942}") = "Problem#62", "Problem#62\Problem#62.vcxproj", "{1F8356FF-7937-42A2-A371-45C5607B0591}"
EndProject
Project("{8BC9CEB8-8B4A-11D0-8D11-00A0C91BC942}") = "Problem#63&#64", "Problem#63\Problem#63.vcxproj", "{640E5714-0BAC-4613-A914-300E94C46ED5}"
EndProject
Project("{8BC9CEB8-8B4A-11D0-8D11-00A0C91BC942}") = "Problem#65", "Problem#65\Problem#65.vcxproj", "{04461BF5-4D09-44F9-B9EC-97D6FC4FB84C}"
EndProject
Global
	GlobalSection(SolutionConfigurationPlatforms) = preSolution
		Debug|x64 = Debug|x64
		Debug|x86 = Debug|x86
		Release|x64 = Release|x64
		Release|x86 = Release|x86
	EndGlobalSection
	GlobalSection(ProjectConfigurationPlatforms) = postSolution
		{4F4A1A53-6127-4A65-BD87-700F62C20FF0}.Debug|x64.ActiveCfg = Debug|x64
		{4F4A1A53-6127-4A65-BD87-700F62C20FF0}.Debug|x64.Build.0 = Debug|x64
		{4F4A1A53-6127-4A65-BD87-700F62C20FF0}.Debug|x86.ActiveCfg = Debug|Win32
		{4F4A1A53-6127-4A65-BD87-700F62C20FF0}.Debug|x86.Build.0 = Debug|Win32
		{4F4A1A53-6127-4A65-BD87-700F62C20FF0}.Release|x64.ActiveCfg = Release|x64
		{4F4A1A53-6127-4A65-BD87-700F62C20FF0}.Release|x64.Build.0 = Release|x64
		{4F4A1A53-6127-4A65-BD87-700F62C20FF0}.Release|x86.ActiveCfg = Release|Win32
		{4F4A1A53-6127-4A65-BD87-700F62C20FF0}.Release|x86.Build.0 = Release|Win32
		{6B519A3C-9CA7-4C04-BB14-239840CF320B}.Debug|x64.ActiveCfg = Debug|x64
		{6B519A3C-9CA7-4C04-BB14-239840CF320B}.Debug|x64.Build.0 = Debug|x64
		{6B519A3C-9CA7-4C04-BB14-239840CF320B}.Debug|x86.ActiveCfg = Debug|Win32
		{6B519A3C-9CA7-4C04-BB14-239840CF320B}.Debug|x86.Build.0 = Debug|Win32
		{6B519A3C-9CA7-4C04-BB14-239840CF320B}.Release|x64.ActiveCfg = Release|x64
		{6B519A3C-9CA7-4C04-BB14-239840CF320B}.Release|x64.Build.0 = Release|x64
		{6B519A3C-9CA7-4C04-BB14-239840CF320B}.Release|x86.ActiveCfg = Release|Win32
		{6B519A3C-9CA7-4C04-BB14-239840CF320B}.Release|x86.Build.0 = Release|Win32
		{D2128490-38C8-40B6-B245-6AD868D84FCE}.Debug|x64.ActiveCfg = Debug|x64
		{D2128490-38C8-40B6-B245-6AD868D84FCE}.Debug|x64.Build.0 = Debug|x64
		{D2128490-38C8-40B6-B245-6AD868D84FCE}.Debug|x86.ActiveCfg = Debug|Win32
		{D2128490-38C8-40B6-B245-6AD868D84FCE}.Debug|x86.Build.0 = Debug|Win32
		{D2128490-38C8-40B6-B245-6AD868D84FCE}.Release|x64.ActiveCfg = Release|x64
		{D2128490-38C8-40B6-B245-6AD868D84FCE}.Release|x64.Build.0 = Release|x64
		{D2128490-38C8-40B6-B245-6AD868D84FCE}.Release|x86.ActiveCfg = Release|Win32
		{D2128490-38C8-40B6-B245-6AD868D84FCE}.Release|x86.Build.0 = Release|Win32
		{89F07E97-8682-40D7-BF5A-DF14968731F3}.Debug|x64.ActiveCfg = Debug|x64
		{89F07E97-8682-40D7-BF5A-DF14968731F3}.Debug|x64.Build.0 = Debug|x64
		{89F07E97-8682-40D7-BF5A-DF14968731F3}.Debug|x86.ActiveCfg = Debug|Win32
		{89F07E97-8682-40D7-BF5A-DF14968731F3}.Debug|x86.Build.0 = Debug|Win32
		{89F07E97-8682-40D7-BF5A-DF14968731F3}.Release|x64.ActiveCfg = Release|x64
		{89F07E97-8682-40D7-BF5A-DF14968731F3}.Release|x64.Build.0 = Release|x64
		{89F07E97-8682-40D7-BF5A-DF14968731F3}.Release|x86.ActiveCfg = Release|Win32
		{89F07E97-8682-40D7-BF5A-DF14968731F3}.Release|x86.Build.0 = Release|Win32
		{E902028B-165E-4116-8308-2F4FA77571B4}.Debug|x64.ActiveCfg = Debug|x64
		{E902028B-165E-4116-8308-2F4FA77571B4}.Debug|x64.Build.0 = Debug|x64
		{E902028B-165E-4116-8308-2F4FA77571B4}.Debug|x86.ActiveCfg = Debug|Win32
		{E902028B-165E-4116-8308-2F4FA77571B4}.Debug|x86.Build.0 = Debug|Win32
		{E902028B-165E-4116-8308-2F4FA77571B4}.Release|x64.ActiveCfg = Release|x64
		{E902028B-165E-4116-8308-2F4FA77571B4}.Release|x64.Build.0 = Release|x64
		{E902028B-165E-4116-8308-2F4FA77571B4}.Release|x86.ActiveCfg = Release|Win32
		{E902028B-165E-4116-8308-2F4FA77571B4}.Release|x86.Build.0 = Release|Win32
		{EF783099-97C4-4D54-88DA-54EB76295B02}.Debug|x64.ActiveCfg = Debug|x64
		{EF783099-97C4-4D54-88DA-54EB76295B02}.Debug|x64.Build.0 = Debug|x64
		{EF783099-97C4-4D54-88DA-54EB76295B02}.Debug|x86.ActiveCfg = Debug|Win32
		{EF783099-97C4-4D54-88DA-54EB76295B02}.Debug|x86.Build.0 = Debug|Win32
		{EF783099-97C4-4D54-88DA-54EB76295B02}.Release|x64.ActiveCfg = Release|x64
		{EF783099-97C4-4D54-88DA-54EB76295B02}.Release|x64.Build.0 = Release|x64
		{EF783099-97C4-4D54-88DA-54EB76295B02}.Release|x86.ActiveCfg = Release|Win32
		{EF783099-97C4-4D54-88DA-54EB76295B02}.Release|x86.Build.0 = Release|Win32
		{B86553BB-E027-48A9-B5ED-2701D4AA8F80}.Debug|x64.ActiveCfg = Debug|x64
		{B86553BB-E027-48A9-B5ED-2701D4AA8F80}.Debug|x64.Build.0 = Debug|x64
		{B86553BB-E027-48A9-B5ED-2701D4AA8F80}.Debug|x86.ActiveCfg = Debug|Win32
		{B86553BB-E027-48A9-B5ED-2701D4AA8F80}.Debug|x86.Build.0 = Debug|Win32
		{B86553BB-E027-48A9-B5ED-2701D4AA8F80}.Release|x64.ActiveCfg = Release|x64
		{B86553BB-E027-48A9-B5ED-2701D4AA8F80}.Release|x64.Build.0 = Release|x64
		{B86553BB-E027-48A9-B5ED-2701D4AA8F80}.Release|x86.ActiveCfg = Release|Win32
		{B86553BB-E027-48A9-B5ED-2701D4AA8F80}.Release|x86.Build.0 = Release|Win32
		{E7032926-3155-4D9B-981D-9AC8CD43821F}.Debug|x64.ActiveCfg = Debug|x64
		{E7032926-3155-4D9B-981D-9AC8CD43821F}.Debug|x64.Build.0 = Debug|x64
		{E7032926-3155-4D9B-981D-9AC8CD43821F}.Debug|x86.ActiveCfg = Debug|Win32
		{E7032926-3155-4D9B-981D-9AC8CD43821F}.Debug|x86.Build.0 = Debug|Win32
		{E7032926-3155-4D9B-981D-9AC8CD43821F}.Release|x64.ActiveCfg = Release|x64
		{E7032926-3155-4D9B-981D-9AC8CD43821F}.Release|x64.Build.0 = Release|x64
		{E7032926-3155-4D9B-981D-9AC8CD43821F}.Release|x86.ActiveCfg = Release|Win32
		{E7032926-3155-4D9B-981D-9AC8CD43821F}.Release|x86.Build.0 = Release|Win32
		{875356BF-2BF1-427E-8E06-1B84A7352ED4}.Debug|x64.ActiveCfg = Debug|x64
		{875356BF-2BF1-427E-8E06-1B84A7352ED4}.Debug|x64.Build.0 = Debug|x64
		{875356BF-2BF1-427E-8E06-1B84A7352ED4}.Debug|x86.ActiveCfg = Debug|Win32
		{875356BF-2BF1-427E-8E06-1B84A7352ED4}.Debug|x86.Build.0 = Debug|Win32
		{875356BF-2BF1-427E-8E06-1B84A7352ED4}.Release|x64.ActiveCfg = Release|x64
		{875356BF-2BF1-427E-8E06-1B84A7352ED4}.Release|x64.Build.0 = Release|x64
		{875356BF-2BF1-427E-8E06-1B84A7352ED4}.Release|x86.ActiveCfg = Release|Win32
		{875356BF-2BF1-427E-8E06-1B84A7352ED4}.Release|x86.Build.0 = Release|Win32
		{64A280D2-49FB-4102-9E76-B4BA5E24C196}.Debug|x64.ActiveCfg = Debug|x64
		{64A280D2-49FB-4102-9E76-B4BA5E24C196}.Debug|x64.Build.0 = Debug|x64
		{64A280D2-49FB-4102-9E76-B4BA5E24C196}.Debug|x86.ActiveCfg = Debug|Win32
		{64A280D2-49FB-4102-9E76-B4BA5E24C196}.Debug|x86.Build.0 = Debug|Win32
		{64A280D2-49FB-4102-9E76-B4BA5E24C196}.Release|x64.ActiveCfg = Release|x64
		{64A280D2-49FB-4102-9E76-B4BA5E24C196}.Release|x64.Build.0 = Release|x64
		{64A280D2-49FB-4102-9E76-B4BA5E24C196}.Release|x86.ActiveCfg = Release|Win32
		{64A280D2-49FB-4102-9E76-B4BA5E24C196}.Release|x86.Build.0 = Release|Win32
		{17917BBB-D76A-4E11-A072-5C67AF1F0205}.Debug|x64.ActiveCfg = Debug|x64
		{17917BBB-D76A-4E11-A072-5C67AF1F0205}.Debug|x64.Build.0 = Debug|x64
		{17917BBB-D76A-4E11-A072-5C67AF1F0205}.Debug|x86.ActiveCfg = Debug|Win32
		{17917BBB-D76A-4E11-A072-5C67AF1F0205}.Debug|x86.Build.0 = Debug|Win32
		{17917BBB-D76A-4E11-A072-5C67AF1F0205}.Release|x64.ActiveCfg = Release|x64
		{17917BBB-D76A-4E11-A072-5C67AF1F0205}.Release|x64.Build.0 = Release|x64
		{17917BBB-D76A-4E11-A072-5C67AF1F0205}.Release|x86.ActiveCfg = Release|Win32
		{17917BBB-D76A-4E11-A072-5C67AF1F0205}.Release|x86.Build.0 = Release|Win32
		{C651929A-6478-4D5D-A348-EC6B606FDDDC}.Debug|x64.ActiveCfg = Debug|x64
		{C651929A-6478-4D5D-A348-EC6B606FDDDC}.Debug|x64.Build.0 = Debug|x64
		{C651929A-6478-4D5D-A348-EC6B606FDDDC}.Debug|x86.ActiveCfg = Debug|Win32
		{C651929A-6478-4D5D-A348-EC6B606FDDDC}.Debug|x86.Build.0 = Debug|Win32
		{C651929A-6478-4D5D-A348-EC6B606FDDDC}.Release|x64.ActiveCfg = Release|x64
		{C651929A-6478-4D5D-A348-EC6B606FDDDC}.Release|x64.Build.0 = Release|x64
		{C651929A-6478-4D5D-A348-EC6B606FDDDC}.Release|x86.ActiveCfg = Release|Win32
		{C651929A-6478-4D5D-A348-EC6B606FDDDC}.Release|x86.Build.0 = Release|Win32
		{2C5E8D65-84FA-4C52-A438-605EAA0B56D7}.Debug|x64.ActiveCfg = Debug|x64
		{2C5E8D65-84FA-4C52-A438-605EAA0B56D7}.Debug|x64.Build.0 = Debug|x64
		{2C5E8D65-84FA-4C52-A438-605EAA0B56D7}.Debug|x86.ActiveCfg = Debug|Win32
		{2C5E8D65-84FA-4C52-A438-605EAA0B56D7}.Debug|x86.Build.0 = Debug|Win32
		{2C5E8D65-84FA-4C52-A438-605EAA0B56D7}.Release|x64.ActiveCfg = Release|x64
		{2C5E8D65-84FA-4C52-A438-605EAA0B56D7}.Release|x64.Build.0 = Release|x64
		{2C5E8D65-84FA-4C52-A438-605EAA0B56D7}.Release|x86.ActiveCfg = Release|Win32
		{2C5E8D65-84FA-4C52-A438-605EAA0B56D7}.Release|x86.Build.0 = Release|Win32
		{9C94BA58-CFD0-4395-99F0-DECB29E6EACF}.Debug|x64.ActiveCfg = Debug|x64
		{9C94BA58-CFD0-4395-99F0-DECB29E6EACF}.Debug|x64.Build.0 = Debug|x64
		{9C94BA58-CFD0-4395-99F0-DECB29E6EACF}.Debug|x86.ActiveCfg = Debug|Win32
		{9C94BA58-CFD0-4395-99F0-DECB29E6EACF}.Debug|x86.Build.0 = Debug|Win32
		{9C94BA58-CFD0-4395-99F0-DECB29E6EACF}.Release|x64.ActiveCfg = Release|x64
		{9C94BA58-CFD0-4395-99F0-DECB29E6EACF}.Release|x64.Build.0 = Release|x64
		{9C94BA58-CFD0-4395-99F0-DECB29E6EACF}.Release|x86.ActiveCfg = Release|Win32
		{9C94BA58-CFD0-4395-99F0-DECB29E6EACF}.Release|x86.Build.0 = Release|Win32
		{656B4E63-111D-4A1F-AA26-36A99FE7F083}.Debug|x64.ActiveCfg = Debug|x64
		{656B4E63-111D-4A1F-AA26-36A99FE7F083}.Debug|x64.Build.0 = Debug|x64
		{656B4E63-111D-4A1F-AA26-36A99FE7F083}.Debug|x86.ActiveCfg = Debug|Win32
		{656B4E63-111D-4A1F-AA26-36A99FE7F083}.Debug|x86.Build.0 = Debug|Win32
		{656B4E63-111D-4A1F-AA26-36A99FE7F083}.Release|x64.ActiveCfg = Release|x64
		{656B4E63-111D-4A1F-AA26-36A99FE7F083}.Release|x64.Build.0 = Release|x64
		{656B4E63-111D-4A1F-AA26-36A99FE7F083}.Release|x86.ActiveCfg = Release|Win32
		{656B4E63-111D-4A1F-AA26-36A99FE7F083}.Release|x86.Build.0 = Release|Win32
		{E11076F7-C03C-4A4C-A67F-DB9DF840C007}.Debug|x64.ActiveCfg = Debug|x64
		{E11076F7-C03C-4A4C-A67F-DB9DF840C007}.Debug|x64.Build.0 = Debug|x64
		{E11076F7-C03C-4A4C-A67F-DB9DF840C007}.Debug|x86.ActiveCfg = Debug|Win32
		{E11076F7-C03C-4A4C-A67F-DB9DF840C007}.Debug|x86.Build.0 = Debug|Win32
		{E11076F7-C03C-4A4C-A67F-DB9DF840C007}.Release|x64.ActiveCfg = Release|x64
		{E11076F7-C03C-4A4C-A67F-DB9DF840C007}.Release|x64.Build.0 = Release|x64
		{E11076F7-C03C-4A4C-A67F-DB9DF840C007}.Release|x86.ActiveCfg = Release|Win32
		{E11076F7-C03C-4A4C-A67F-DB9DF840C007}.Release|x86.Build.0 = Release|Win32
		{8105506C-6507-4752-B2E5-5404C648ECAE}.Debug|x64.ActiveCfg = Debug|x64
		{8105506C-6507-4752-B2E5-5404C648ECAE}.Debug|x64.Build.0 = Debug|x64
		{8105506C-6507-4752-B2E5-5404C648ECAE}.Debug|x86.ActiveCfg = Debug|Win32
		{8105506C-6507-4752-B2E5-5404C648ECAE}.Debug|x86.Build.0 = Debug|Win32
		{8105506C-6507-4752-B2E5-5404C648ECAE}.Release|x64.ActiveCfg = Release|x64
		{8105506C-6507-4752-B2E5-5404C648ECAE}.Release|x64.Build.0 = Release|x64
		{8105506C-6507-4752-B2E5-5404C648ECAE}.Release|x86.ActiveCfg = Release|Win32
		{8105506C-6507-4752-B2E5-5404C648ECAE}.Release|x86.Build.0 = Release|Win32
		{F71B4DD6-4DF4-4FDB-956B-35E67FACDC27}.Debug|x64.ActiveCfg = Debug|x64
		{F71B4DD6-4DF4-4FDB-956B-35E67FACDC27}.Debug|x64.Build.0 = Debug|x64
		{F71B4DD6-4DF4-4FDB-956B-35E67FACDC27}.Debug|x86.ActiveCfg = Debug|Win32
		{F71B4DD6-4DF4-4FDB-956B-35E67FACDC27}.Debug|x86.Build.0 = Debug|Win32
		{F71B4DD6-4DF4-4FDB-956B-35E67FACDC27}.Release|x64.ActiveCfg = Release|x64
		{F71B4DD6-4DF4-4FDB-956B-35E67FACDC27}.Release|x64.Build.0 = Release|x64
		{F71B4DD6-4DF4-4FDB-956B-35E67FACDC27}.Release|x86.ActiveCfg = Release|Win32
		{F71B4DD6-4DF4-4FDB-956B-35E67FACDC27}.Release|x86.Build.0 = Release|Win32
		{2F287AC8-68EB-4E4A-A602-4BF6E64D9116}.Debug|x64.ActiveCfg = Debug|x64
		{2F287AC8-68EB-4E4A-A602-4BF6E64D9116}.Debug|x64.Build.0 = Debug|x64
		{2F287AC8-68EB-4E4A-A602-4BF6E64D9116}.Debug|x86.ActiveCfg = Debug|Win32
		{2F287AC8-68EB-4E4A-A602-4BF6E64D9116}.Debug|x86.Build.0 = Debug|Win32
		{2F287AC8-68EB-4E4A-A602-4BF6E64D9116}.Release|x64.ActiveCfg = Release|x64
		{2F287AC8-68EB-4E4A-A602-4BF6E64D9116}.Release|x64.Build.0 = Release|x64
		{2F287AC8-68EB-4E4A-A602-4BF6E64D9116}.Release|x86.ActiveCfg = Release|Win32
		{2F287AC8-68EB-4E4A-A602-4BF6E64D9116}.Release|x86.Build.0 = Release|Win32
		{DC2BD34E-8620-4358-B64E-0CD2CB3DBB87}.Debug|x64.ActiveCfg = Debug|x64
		{DC2BD34E-8620-4358-B64E-0CD2CB3DBB87}.Debug|x64.Build.0 = Debug|x64
		{DC2BD34E-8620-4358-B64E-0CD2CB3DBB87}.Debug|x86.ActiveCfg = Debug|Win32
		{DC2BD34E-8620-4358-B64E-0CD2CB3DBB87}.Debug|x86.Build.0 = Debug|Win32
		{DC2BD34E-8620-4358-B64E-0CD2CB3DBB87}.Release|x64.ActiveCfg = Release|x64
		{DC2BD34E-8620-4358-B64E-0CD2CB3DBB87}.Release|x64.Build.0 = Release|x64
		{DC2BD34E-8620-4358-B64E-0CD2CB3DBB87}.Release|x86.ActiveCfg = Release|Win32
		{DC2BD34E-8620-4358-B64E-0CD2CB3DBB87}.Release|x86.Build.0 = Release|Win32
		{4BAE5225-18ED-4E42-AE3D-1BDD37F81975}.Debug|x64.ActiveCfg = Debug|x64
		{4BAE5225-18ED-4E42-AE3D-1BDD37F81975}.Debug|x64.Build.0 = Debug|x64
		{4BAE5225-18ED-4E42-AE3D-1BDD37F81975}.Debug|x86.ActiveCfg = Debug|Win32
		{4BAE5225-18ED-4E42-AE3D-1BDD37F81975}.Debug|x86.Build.0 = Debug|Win32
		{4BAE5225-18ED-4E42-AE3D-1BDD37F81975}.Release|x64.ActiveCfg = Release|x64
		{4BAE5225-18ED-4E42-AE3D-1BDD37F81975}.Release|x64.Build.0 = Release|x64
		{4BAE5225-18ED-4E42-AE3D-1BDD37F81975}.Release|x86.ActiveCfg = Release|Win32
		{4BAE5225-18ED-4E42-AE3D-1BDD37F81975}.Release|x86.Build.0 = Release|Win32
		{FD991C3D-5613-45FD-89AE-33A6B1E651F7}.Debug|x64.ActiveCfg = Debug|x64
		{FD991C3D-5613-45FD-89AE-33A6B1E651F7}.Debug|x64.Build.0 = Debug|x64
		{FD991C3D-5613-45FD-89AE-33A6B1E651F7}.Debug|x86.ActiveCfg = Debug|Win32
		{FD991C3D-5613-45FD-89AE-33A6B1E651F7}.Debug|x86.Build.0 = Debug|Win32
		{FD991C3D-5613-45FD-89AE-33A6B1E651F7}.Release|x64.ActiveCfg = Release|x64
		{FD991C3D-5613-45FD-89AE-33A6B1E651F7}.Release|x64.Build.0 = Release|x64
		{FD991C3D-5613-45FD-89AE-33A6B1E651F7}.Release|x86.ActiveCfg = Release|Win32
		{FD991C3D-5613-45FD-89AE-33A6B1E651F7}.Release|x86.Build.0 = Release|Win32
		{98F588D9-DA8B-4651-827E-C4634C5AB16E}.Debug|x64.ActiveCfg = Debug|x64
		{98F588D9-DA8B-4651-827E-C4634C5AB16E}.Debug|x64.Build.0 = Debug|x64
		{98F588D9-DA8B-4651-827E-C4634C5AB16E}.Debug|x86.ActiveCfg = Debug|Win32
		{98F588D9-DA8B-4651-827E-C4634C5AB16E}.Debug|x86.Build.0 = Debug|Win32
		{98F588D9-DA8B-4651-827E-C4634C5AB16E}.Release|x64.ActiveCfg = Release|x64
		{98F588D9-DA8B-4651-827E-C4634C5AB16E}.Release|x64.Build.0 = Release|x64
		{98F588D9-DA8B-4651-827E-C4634C5AB16E}.Release|x86.ActiveCfg = Release|Win32
		{98F588D9-DA8B-4651-827E-C4634C5AB16E}.Release|x86.Build.0 = Release|Win32
		{E2841588-E264-48AF-86A9-10F3AAF604C2}.Debug|x64.ActiveCfg = Debug|x64
		{E2841588-E264-48AF-86A9-10F3AAF604C2}.Debug|x64.Build.0 = Debug|x64
		{E2841588-E264-48AF-86A9-10F3AAF604C2}.Debug|x86.ActiveCfg = Debug|Win32
		{E2841588-E264-48AF-86A9-10F3AAF604C2}.Debug|x86.Build.0 = Debug|Win32
		{E2841588-E264-48AF-86A9-10F3AAF604C2}.Release|x64.ActiveCfg = Release|x64
		{E2841588-E264-48AF-86A9-10F3AAF604C2}.Release|x64.Build.0 = Release|x64
		{E2841588-E264-48AF-86A9-10F3AAF604C2}.Release|x86.ActiveCfg = Release|Win32
		{E2841588-E264-48AF-86A9-10F3AAF604C2}.Release|x86.Build.0 = Release|Win32
		{766528AD-A0A7-4081-B334-C8E5C9E7D69F}.Debug|x64.ActiveCfg = Debug|x64
		{766528AD-A0A7-4081-B334-C8E5C9E7D69F}.Debug|x64.Build.0 = Debug|x64
		{766528AD-A0A7-4081-B334-C8E5C9E7D69F}.Debug|x86.ActiveCfg = Debug|Win32
		{766528AD-A0A7-4081-B334-C8E5C9E7D69F}.Debug|x86.Build.0 = Debug|Win32
		{766528AD-A0A7-4081-B334-C8E5C9E7D69F}.Release|x64.ActiveCfg = Release|x64
		{766528AD-A0A7-4081-B334-C8E5C9E7D69F}.Release|x64.Build.0 = Release|x64
		{766528AD-A0A7-4081-B334-C8E5C9E7D69F}.Release|x86.ActiveCfg = Release|Win32
		{766528AD-A0A7-4081-B334-C8E5C9E7D69F}.Release|x86.Build.0 = Release|Win32
		{C4BB0A46-CE35-4BD8-B061-8EFA5725CB99}.Debug|x64.ActiveCfg = Debug|x64
		{C4BB0A46-CE35-4BD8-B061-8EFA5725CB99}.Debug|x64.Build.0 = Debug|x64
		{C4BB0A46-CE35-4BD8-B061-8EFA5725CB99}.Debug|x86.ActiveCfg = Debug|Win32
		{C4BB0A46-CE35-4BD8-B061-8EFA5725CB99}.Debug|x86.Build.0 = Debug|Win32
		{C4BB0A46-CE35-4BD8-B061-8EFA5725CB99}.Release|x64.ActiveCfg = Release|x64
		{C4BB0A46-CE35-4BD8-B061-8EFA5725CB99}.Release|x64.Build.0 = Release|x64
		{C4BB0A46-CE35-4BD8-B061-8EFA5725CB99}.Release|x86.ActiveCfg = Release|Win32
		{C4BB0A46-CE35-4BD8-B061-8EFA5725CB99}.Release|x86.Build.0 = Release|Win32
		{839193F1-368A-483D-B87A-BAA533FFA01A}.Debug|x64.ActiveCfg = Debug|x64
		{839193F1-368A-483D-B87A-BAA533FFA01A}.Debug|x64.Build.0 = Debug|x64
		{839193F1-368A-483D-B87A-BAA533FFA01A}.Debug|x86.ActiveCfg = Debug|Win32
		{839193F1-368A-483D-B87A-BAA533FFA01A}.Debug|x86.Build.0 = Debug|Win32
		{839193F1-368A-483D-B87A-BAA533FFA01A}.Release|x64.ActiveCfg = Release|x64
		{839193F1-368A-483D-B87A-BAA533FFA01A}.Release|x64.Build.0 = Release|x64
		{839193F1-368A-483D-B87A-BAA533FFA01A}.Release|x86.ActiveCfg = Release|Win32
		{839193F1-368A-483D-B87A-BAA533FFA01A}.Release|x86.Build.0 = Release|Win32
		{BA57D7DE-5021-4BAF-96C3-588CAB219631}.Debug|x64.ActiveCfg = Debug|x64
		{BA57D7DE-5021-4BAF-96C3-588CAB219631}.Debug|x64.Build.0 = Debug|x64
		{BA57D7DE-5021-4BAF-96C3-588CAB219631}.Debug|x86.ActiveCfg = Debug|Win32
		{BA57D7DE-5021-4BAF-96C3-588CAB219631}.Debug|x86.Build.0 = Debug|Win32
		{BA57D7DE-5021-4BAF-96C3-588CAB219631}.Release|x64.ActiveCfg = Release|x64
		{BA57D7DE-5021-4BAF-96C3-588CAB219631}.Release|x64.Build.0 = Release|x64
		{BA57D7DE-5021-4BAF-96C3-588CAB219631}.Release|x86.ActiveCfg = Release|Win32
		{BA57D7DE-5021-4BAF-96C3-588CAB219631}.Release|x86.Build.0 = Release|Win32
		{40689BA3-DBDB-4697-BE5C-2AFA65CDFC74}.Debug|x64.ActiveCfg = Debug|x64
		{40689BA3-DBDB-4697-BE5C-2AFA65CDFC74}.Debug|x64.Build.0 = Debug|x64
		{40689BA3-DBDB-4697-BE5C-2AFA65CDFC74}.Debug|x86.ActiveCfg = Debug|Win32
		{40689BA3-DBDB-4697-BE5C-2AFA65CDFC74}.Debug|x86.Build.0 = Debug|Win32
		{40689BA3-DBDB-4697-BE5C-2AFA65CDFC74}.Release|x64.ActiveCfg = Release|x64
		{40689BA3-DBDB-4697-BE5C-2AFA65CDFC74}.Release|x64.Build.0 = Release|x64
		{40689BA3-DBDB-4697-BE5C-2AFA65CDFC74}.Release|x86.ActiveCfg = Release|Win32
		{40689BA3-DBDB-4697-BE5C-2AFA65CDFC74}.Release|x86.Build.0 = Release|Win32
		{41F6BAE1-4F5A-4F70-B1CC-0DC9E4B1F312}.Debug|x64.ActiveCfg = Debug|x64
		{41F6BAE1-4F5A-4F70-B1CC-0DC9E4B1F312}.Debug|x64.Build.0 = Debug|x64
		{41F6BAE1-4F5A-4F70-B1CC-0DC9E4B1F312}.Debug|x86.ActiveCfg = Debug|Win32
		{41F6BAE1-4F5A-4F70-B1CC-0DC9E4B1F312}.Debug|x86.Build.0 = Debug|Win32
		{41F6BAE1-4F5A-4F70-B1CC-0DC9E4B1F312}.Release|x64.ActiveCfg = Release|x64
		{41F6BAE1-4F5A-4F70-B1CC-0DC9E4B1F312}.Release|x64.Build.0 = Release|x64
		{41F6BAE1-4F5A-4F70-B1CC-0DC9E4B1F312}.Release|x86.ActiveCfg = Release|Win32
		{41F6BAE1-4F5A-4F70-B1CC-0DC9E4B1F312}.Release|x86.Build.0 = Release|Win32
		{1F8356FF-7937-42A2-A371-45C5607B0591}.Debug|x64.ActiveCfg = Debug|x64
		{1F8356FF-7937-42A2-A371-45C5607B0591}.Debug|x64.Build.0 = Debug|x64
		{1F8356FF-7937-42A2-A371-45C5607B0591}.Debug|x86.ActiveCfg = Debug|Win32
		{1F8356FF-7937-42A2-A371-45C5607B0591}.Debug|x86.Build.0 = Debug|Win32
		{1F8356FF-7937-42A2-A371-45C5607B0591}.Release|x64.ActiveCfg = Release|x64
		{1F8356FF-7937-42A2-A371-45C5607B0591}.Release|x64.Build.0 = Release|x64
		{1F8356FF-7937-42A2-A371-45C5607B0591}.Release|x86.ActiveCfg = Release|Win32
		{1F8356FF-7937-42A2-A371-45C5607B0591}.Release|x86.Build.0 = Release|Win32
		{640E5714-0BAC-4613-A914-300E94C46ED5}.Debug|x64.ActiveCfg = Debug|x64
		{640E5714-0BAC-4613-A914-300E94C46ED5}.Debug|x64.Build.0 = Debug|x64
		{640E5714-0BAC-4613-A914-300E94C46ED5}.Debug|x86.ActiveCfg = Debug|Win32
		{640E5714-0BAC-4613-A914-300E94C46ED5}.Debug|x86.Build.0 = Debug|Win32
		{640E5714-0BAC-4613-A914-300E94C46ED5}.Release|x64.ActiveCfg = Release|x64
		{640E5714-0BAC-4613-A914-300E94C46ED5}.Release|x64.Build.0 = Release|x64
		{640E5714-0BAC-4613-A914-300E94C46ED5}.Release|x86.ActiveCfg = Release|Win32
		{640E5714-0BAC-4613-A914-300E94C46ED5}.Release|x86.Build.0 = Release|Win32
		{04461BF5-4D09-44F9-B9EC-97D6FC4FB84C}.Debug|x64.ActiveCfg = Debug|x64
		{04461BF5-4D09-44F9-B9EC-97D6FC4FB84C}.Debug|x64.Build.0 = Debug|x64
		{04461BF5-4D09-44F9-B9EC-97D6FC4FB84C}.Debug|x86.ActiveCfg = Debug|Win32
		{04461BF5-4D09-44F9-B9EC-97D6FC4FB84C}.Debug|x86.Build.0 = Debug|Win32
		{04461BF5-4D09-44F9-B9EC-97D6FC4FB84C}.Release|x64.ActiveCfg = Release|x64
		{04461BF5-4D09-44F9-B9EC-97D6FC4FB84C}.Release|x64.Build.0 = Release|x64
		{04461BF5-4D09-44F9-B9EC-97D6FC4FB84C}.Release|x86.ActiveCfg = Release|Win32
		{04461BF5-4D09-44F9-B9EC-97D6FC4FB84C}.Release|x86.Build.0 = Release|Win32
	EndGlobalSection
	GlobalSection(SolutionProperties) = preSolution
		HideSolutionNode = FALSE
	EndGlobalSection
	GlobalSection(ExtensibilityGlobals) = postSolution
		SolutionGuid = {AD38A220-9BD6-4A4B-A4ED-DD2C0E708DF5}
	EndGlobalSection
EndGlobal
